
Microsoft Visual Studio Solution File, Format Version 12.00
# Visual Studio Version 17
VisualStudioVersion = 17.8.34525.116
MinimumVisualStudioVersion = 10.0.40219.1
Project("{FAE04EC0-301F-11D3-BF4B-00C04F79EFBC}") = "assignment_01", "assignment_01\assignment_01.csproj", "{DF64A7A5-AEA9-4462-A782-353155E95B06}"
EndProject
Global
	GlobalSection(SolutionConfigurationPlatforms) = preSolution
		Debug|Any CPU = Debug|Any CPU
		Release|Any CPU = Release|Any CPU
	EndGlobalSection
	GlobalSection(ProjectConfigurationPlatforms) = postSolution
		{DF64A7A5-AEA9-4462-A782-353155E95B06}.Debug|Any CPU.ActiveCfg = Debug|Any CPU
		{DF64A7A5-AEA9-4462-A782-353155E95B06}.Debug|Any CPU.Build.0 = Debug|Any CPU
		{DF64A7A5-AEA9-4462-A782-353155E95B06}.Release|Any CPU.ActiveCfg = Release|Any CPU
		{DF64A7A5-AEA9-4462-A782-353155E95B06}.Release|Any CPU.Build.0 = Release|Any CPU
	EndGlobalSection
	GlobalSection(SolutionProperties) = preSolution
		HideSolutionNode = FALSE
	EndGlobalSection
	GlobalSection(ExtensibilityGlobals) = postSolution
		SolutionGuid = {7D2D2EBA-8A1E-4BA8-96EE-24F8DADA07BF}
	EndGlobalSection
EndGlobal
